github.com/disintegration/imaging v1.6.2 h1:w1LecBlG2Lnp8B3jk5zSuNqd7b4DXhcjwek1ei82L+c=
github.com/disintegration/imaging v1.6.2/go.mod h1:44/5580QXChDfwIclfc/PCwrr44amcmDAg8hxG0Ewe4=
github.com/hhrutter/lzw v0.0.0-20190829144645-6f07a24e8650 h1:1yY/RQWNSBjJe2GDCIYoLmpWVidrooriUr4QS/zaATQ=
github.com/hhrutter/lzw v0.0.0-20190829144645-6f07a24e8650/go.mod h1:yJBvOcu1wLQ9q9XZmfiPfur+3dQJuIhYQsMGLYcItZk=
github.com/pkg/errors v0.9.1 h1:FEBLx1zS214owpjy7qsBeixbURkuhQAwrK5UwLGTwt4=
github.com/pkg/errors v0.9.1/go.mod h1:bwawxfHBFNV+L2hUp1rHADufV3IMtnDRdf1r5NINEl0=
github.com/sunshineplan/pdf v0.0.0-20201027030751-7a3eebdcee13 h1:rPRgECfeRx5NAYw7jsDYm4WMQvLyC6gB3pE9wCGD5l0=
github.com/sunshineplan/pdf v0.0.0-20201027030751-7a3eebdcee13/go.mod h1:ehb4BbdtUQgMqvTt/CX2NrXb32ldvxz4QpYzehMXzwo=
github.com/sunshineplan/pdfcpu v0.0.0-20201027070503-47c59f233094 h1:rGITrr9dXDGsGJx2GNc9rraaE9Cn3hzsDU6MIQxgX9Q=
github.com/sunshineplan/pdfcpu v0.0.0-20201027070503-47c59f233094/go.mod h1:sfXycrGRx3Hn2YrCx9u11PT9AeTk2XRC2BDXWOHi+fg=
github.com/sunshineplan/tiff v0.0.0-20201027015431-cb6e874082a1 h1:+hKNe4FIB8O7j9MnQwoSVyFIKeUyIosl2KSK9GTcLw8=
github.com/sunshineplan/tiff v0.0.0-20201027015431-cb6e874082a1/go.mod h1:O+Ar7ouRbdfxLgoZLFz447/dvdM1NVKk1VpOQaijvAU=
github.com/sunshineplan/utils v0.0.0-20210501045403-9b6560895cd8 h1:eVNqMeD6eoldTYHg1vKnNPt/2HXOSPPXtz7eYJeSFbc=
github.com/sunshineplan/utils v0.0.0-20210501045403-9b6560895cd8/go.mod h1:fJ8/Fjbd50RwQ8/wxBmBgkuDHfcXrCJu6c/iRsgkYok=
github.com/vharitonsky/iniflags v0.0.0-20180513140207-a33cd0b5f3de h1:fkw+7JkxF3U1GzQoX9h69Wvtvxajo5Rbzy6+YMMzPIg=
github.com/vharitonsky/iniflags v0.0.0-20180513140207-a33cd0b5f3de/go.mod h1:irMhzlTz8+fVFj6CH2AN2i+WI5S6wWFtK3MBCIxIpyI=
golang.org/x/image v0.0.0-20191009234506-e7c1f5e7dbb8/go.mod h1:FeLwcggjj3mMvU+oOTbSwawSJRM1uh48EjtB4UJZlP0=
golang.org/x/image v0.0.0-20200927104501-e162460cd6b5/go.mod h1:FeLwcggjj3mMvU+oOTbSwawSJRM1uh48EjtB4UJZlP0=
golang.org/x/image v0.0.0-20210504121937-7319ad40d33e h1:PzJMNfFQx+QO9hrC1GwZ4BoPGeNGhfeQEgcQFArEjPk=
golang.org/x/image v0.0.0-20210504121937-7319ad40d33e/go.mod h1:FeLwcggjj3mMvU+oOTbSwawSJRM1uh48EjtB4UJZlP0=
golang.org/x/text v0.3.0/go.mod h1:NqM8EUOU14njkJ3fqMW+pc6Ldnwhi/IjpwHt7yyuwOQ=
gopkg.in/check.v1 v0.0.0-20161208181325-20d25e280405 h1:yhCVgyC4o1eVCa2tZl7eS0r+SDo693bJlVdllGtEeKM=
gopkg.in/check.v1 v0.0.0-20161208181325-20d25e280405/go.mod h1:Co6ibVJAznAaIkqp8huTwlJQCZ016jof/cbN4VW5Yz0=
gopkg.in/yaml.v2 v2.3.0 h1:clyUAQHOM3G0M3f5vQj7LuJrETvjVot3Z5el9nffUtU=
gopkg.in/yaml.v2 v2.3.0/go.mod h1:hI93XBmqTisBFMUTm0b8Fm+jr3Dg1NNxqwp+5A1VGuI=
