github.com/hhrutter/lzw v1.0.0 h1:laL89Llp86W3rRs83LvKbwYRx6INE8gDn0XNb1oXtm0=
github.com/hhrutter/lzw v1.0.0/go.mod h1:2HC6DJSn/n6iAZfgM3Pg+cP1KxeWc3ezG8bBqW5+WEo=
github.com/hhrutter/tiff v1.0.1 h1:MIus8caHU5U6823gx7C6jrfoEvfSTGtEFRiM8/LOzC0=
github.com/hhrutter/tiff v1.0.1/go.mod h1:zU/dNgDm0cMIa8y8YwcYBeuEEveI4B0owqHyiPpJPHc=
github.com/mattn/go-runewidth v0.0.15 h1:UNAjwbU9l54TA3KzvqLGxwWjHmMgBUVhBiTjelZgg3U=
github.com/mattn/go-runewidth v0.0.15/go.mod h1:Jdepj2loyihRzMpdS35Xk/zdY8IAYHsh153qUoGf23w=
github.com/pdfcpu/pdfcpu v0.5.0 h1:F3wC4bwPbaJM+RPgm1D0Q4SAUwxElw7BhwNvL3iPgDo=
github.com/pdfcpu/pdfcpu v0.5.0/go.mod h1:UPcHdWcMw1V6Bo5tcWHd3jZfkG8cwUwrJkQOlB6o+7g=
github.com/pkg/errors v0.9.1 h1:FEBLx1zS214owpjy7qsBeixbURkuhQAwrK5UwLGTwt4=
github.com/pkg/errors v0.9.1/go.mod h1:bwawxfHBFNV+L2hUp1rHADufV3IMtnDRdf1r5NINEl0=
github.com/rivo/uniseg v0.2.0/go.mod h1:J6wj4VEh+S6ZtnVlnTBMWIodfgj8LQOQFoIToxlJtxc=
github.com/rivo/uniseg v0.4.4 h1:8TfxU8dW6PdqD27gjM8MVNuicgxIjxpm4K7x4jp8sis=
github.com/rivo/uniseg v0.4.4/go.mod h1:FN3SvrM+Zdj16jyLfmOkMNblXMcoc8DfTHruCPUcx88=
github.com/sunshineplan/pdf v1.0.7 h1:62xlc079jh4tGLDjiihyyhwVFkn0IsxLyDpHplbG9Ew=
github.com/sunshineplan/pdf v1.0.7/go.mod h1:QsEmZCWBE3uFK8PCrM0pua1WDWLNU77YusiDEcY56OQ=
github.com/sunshineplan/tiff v0.0.0-20220128141034-29b9d69bd906 h1:+yYRCj+PGQNnnen4+/Q7eKD2J87RJs+O39bjtHhPauk=
github.com/sunshineplan/tiff v0.0.0-20220128141034-29b9d69bd906/go.mod h1:O+Ar7ouRbdfxLgoZLFz447/dvdM1NVKk1VpOQaijvAU=
github.com/sunshineplan/utils v0.1.70 h1:xwTrUGDAyWCGwcMpi9UZwsp3xYzy6fZQButJrFoomkk=
github.com/sunshineplan/utils v0.1.70/go.mod h1:QMe2vCEFq9VliPac8WfXndi5jP0ZrPHus8wvJlgBy5M=
golang.org/x/image v0.17.0 h1:nTRVVdajgB8zCMZVsViyzhnMKPwYeroEERRC64JuLco=
golang.org/x/image v0.17.0/go.mod h1:4yyo5vMFQjVjUcVk4jEQcU9MGy/rulF5WvUILseCM2E=
golang.org/x/text v0.16.0 h1:a94ExnEXNtEwYLGJSIUxnWoxoRz/ZcCsV63ROupILh4=
golang.org/x/text v0.16.0/go.mod h1:GhwF1Be+LQoKShO3cGOHzqOgRrGaYc9AvblQOmPVHnI=
gopkg.in/check.v1 v0.0.0-20161208181325-20d25e280405 h1:yhCVgyC4o1eVCa2tZl7eS0r+SDo693bJlVdllGtEeKM=
gopkg.in/check.v1 v0.0.0-20161208181325-20d25e280405/go.mod h1:Co6ibVJAznAaIkqp8huTwlJQCZ016jof/cbN4VW5Yz0=
gopkg.in/yaml.v2 v2.4.0 h1:D8xgwECY7CYvx+Y2n4sBz93Jn9JRvxdiyyo8CTfuKaY=
gopkg.in/yaml.v2 v2.4.0/go.mod h1:RDklbk79AGWmwhnvt/jBztapEOGDOx6ZbXqjP6csGnQ=
